{
  "name": "Campus",
  "lockfileVersion": 2,
  "requires": true,
  "packages": {
    "": {
      "dependencies": {
        "vue-lazyload": "^3.0.0-rc.2"
      }
    },
    "node_modules/vue-lazyload": {
      "version": "3.0.0-rc.2",
      "resolved": "https://registry.npmmirror.com/vue-lazyload/-/vue-lazyload-3.0.0-rc.2.tgz",
      "integrity": "sha512-Cg7Gqb7jAoiImMPH3EMfAwJ8gZuFoBJCEtA7+TGRljrtktDtV7JAHIyKvuTgQR8DFAd7MhKi1Ys8QHdSrnGdZQ=="
    }
  },
  "dependencies": {
    "vue-lazyload": {
      "version": "3.0.0-rc.2",
      "resolved": "https://registry.npmmirror.com/vue-lazyload/-/vue-lazyload-3.0.0-rc.2.tgz",
      "integrity": "sha512-Cg7Gqb7jAoiImMPH3EMfAwJ8gZuFoBJCEtA7+TGRljrtktDtV7JAHIyKvuTgQR8DFAd7MhKi1Ys8QHdSrnGdZQ=="
    }
  }
}
